
Microsoft Visual Studio Solution File, Format Version 12.00
# Visual Studio Version 17
VisualStudioVersion = 17.11.35303.130
MinimumVisualStudioVersion = 10.0.40219.1
Project("{FAE04EC0-301F-11D3-BF4B-00C04F79EFBC}") = "Ejercicio1", "Ejercicio1\Ejercicio1.csproj", "{97C21A9D-8C97-405E-8BEE-C8F7D6BE9F5B}"
EndProject
Project("{FAE04EC0-301F-11D3-BF4B-00C04F79EFBC}") = "EncuestasLib", "EncuestasLib\EncuestasLib.csproj", "{FFE62E60-1AA5-448D-80EA-7CEEBC9166B1}"
EndProject
Project("{FAE04EC0-301F-11D3-BF4B-00C04F79EFBC}") = "Ejercicio2_cliente", "Ejercicio2_cliente\Ejercicio2_cliente.csproj", "{1DC7AFE8-BA67-4D28-8BB3-F21D5138B1A0}"
EndProject
Global
	GlobalSection(SolutionConfigurationPlatforms) = preSolution
		Debug|Any CPU = Debug|Any CPU
		Release|Any CPU = Release|Any CPU
	EndGlobalSection
	GlobalSection(ProjectConfigurationPlatforms) = postSolution
		{97C21A9D-8C97-405E-8BEE-C8F7D6BE9F5B}.Debug|Any CPU.ActiveCfg = Debug|Any CPU
		{97C21A9D-8C97-405E-8BEE-C8F7D6BE9F5B}.Debug|Any CPU.Build.0 = Debug|Any CPU
		{97C21A9D-8C97-405E-8BEE-C8F7D6BE9F5B}.Release|Any CPU.ActiveCfg = Release|Any CPU
		{97C21A9D-8C97-405E-8BEE-C8F7D6BE9F5B}.Release|Any CPU.Build.0 = Release|Any CPU
		{FFE62E60-1AA5-448D-80EA-7CEEBC9166B1}.Debug|Any CPU.ActiveCfg = Debug|Any CPU
		{FFE62E60-1AA5-448D-80EA-7CEEBC9166B1}.Debug|Any CPU.Build.0 = Debug|Any CPU
		{FFE62E60-1AA5-448D-80EA-7CEEBC9166B1}.Release|Any CPU.ActiveCfg = Release|Any CPU
		{FFE62E60-1AA5-448D-80EA-7CEEBC9166B1}.Release|Any CPU.Build.0 = Release|Any CPU
		{1DC7AFE8-BA67-4D28-8BB3-F21D5138B1A0}.Debug|Any CPU.ActiveCfg = Debug|Any CPU
		{1DC7AFE8-BA67-4D28-8BB3-F21D5138B1A0}.Debug|Any CPU.Build.0 = Debug|Any CPU
		{1DC7AFE8-BA67-4D28-8BB3-F21D5138B1A0}.Release|Any CPU.ActiveCfg = Release|Any CPU
		{1DC7AFE8-BA67-4D28-8BB3-F21D5138B1A0}.Release|Any CPU.Build.0 = Release|Any CPU
	EndGlobalSection
	GlobalSection(SolutionProperties) = preSolution
		HideSolutionNode = FALSE
	EndGlobalSection
	GlobalSection(ExtensibilityGlobals) = postSolution
		SolutionGuid = {31A95A9F-3E5A-4DF3-8B72-8FA209FE7566}
	EndGlobalSection
EndGlobal
